// !$*UTF8*$!
{
	archiveVersion = 1;
	classes = {
	};
	objectVersion = 52;
	objects = {

/* Begin PBXBuildFile section */
		961BED9C266750C400AC7012 /* TestApp.swift in Sources */ = {isa = PBXBuildFile; fileRef = 961BED9B266750C400AC7012 /* TestApp.swift */; };
		961BED9E266750C400AC7012 /* ContentView.swift in Sources */ = {isa = PBXBuildFile; fileRef = 961BED9D266750C400AC7012 /* ContentView.swift */; };
		9661B3452664AA7800200446 /* ScriptMessage.swift in Sources */ = {isa = PBXBuildFile; fileRef = 9661B3442664AA7800200446 /* ScriptMessage.swift */; };
		96985A092646001E00268A68 /* Quartz.framework in Frameworks */ = {isa = PBXBuildFile; fileRef = 96985A082646001E00268A68 /* Quartz.framework */; };
		96985A0C2646001E00268A68 /* PreviewViewController.swift in Sources */ = {isa = PBXBuildFile; fileRef = 96985A0B2646001E00268A68 /* PreviewViewController.swift */; };
		969C924F266754A0005C45DD /* PreviewExtension.appex in Embed App Extensions */ = {isa = PBXBuildFile; fileRef = 96985A062646001E00268A68 /* PreviewExtension.appex */; settings = {ATTRIBUTES = (RemoveHeadersOnCopy, ); }; };
		96C352AB266B05F60034F01A /* preview.html in Resources */ = {isa = PBXBuildFile; fileRef = 969C925326675838005C45DD /* preview.html */; };
		96C352AD266B08190034F01A /* Configuration.swift in Sources */ = {isa = PBXBuildFile; fileRef = 96C352AC266B08190034F01A /* Configuration.swift */; };
		96C352B2266B58E60034F01A /* Logging in Frameworks */ = {isa = PBXBuildFile; productRef = 96C352B1266B58E60034F01A /* Logging */; };
/* End PBXBuildFile section */

/* Begin PBXContainerItemProxy section */
		969C9250266754A0005C45DD /* PBXContainerItemProxy */ = {
			isa = PBXContainerItemProxy;
			containerPortal = 969859E92645FFF700268A68 /* Project object */;
			proxyType = 1;
			remoteGlobalIDString = 96985A052646001E00268A68;
			remoteInfo = PreviewExtension;
		};
/* End PBXContainerItemProxy section */

/* Begin PBXCopyFilesBuildPhase section */
		969C9252266754A0005C45DD /* Embed App Extensions */ = {
			isa = PBXCopyFilesBuildPhase;
			buildActionMask = 2147483647;
			dstPath = "";
			dstSubfolderSpec = 13;
			files = (
				969C924F266754A0005C45DD /* PreviewExtension.appex in Embed App Extensions */,
			);
			name = "Embed App Extensions";
			runOnlyForDeploymentPostprocessing = 0;
		};
/* End PBXCopyFilesBuildPhase section */

/* Begin PBXFileReference section */
		961BED99266750C400AC7012 /* TestApp.app */ = {isa = PBXFileReference; explicitFileType = wrapper.application; includeInIndex = 0; path = TestApp.app; sourceTree = BUILT_PRODUCTS_DIR; };
		961BED9B266750C400AC7012 /* TestApp.swift */ = {isa = PBXFileReference; lastKnownFileType = sourcecode.swift; path = TestApp.swift; sourceTree = "<group>"; };
		961BED9D266750C400AC7012 /* ContentView.swift */ = {isa = PBXFileReference; lastKnownFileType = sourcecode.swift; path = ContentView.swift; sourceTree = "<group>"; };
		961BEDA4266750C500AC7012 /* Info.plist */ = {isa = PBXFileReference; lastKnownFileType = text.plist.xml; path = Info.plist; sourceTree = "<group>"; };
		961BEDA5266750C500AC7012 /* TestApp.entitlements */ = {isa = PBXFileReference; lastKnownFileType = text.plist.entitlements; path = TestApp.entitlements; sourceTree = "<group>"; };
		9661B3442664AA7800200446 /* ScriptMessage.swift */ = {isa = PBXFileReference; lastKnownFileType = sourcecode.swift; path = ScriptMessage.swift; sourceTree = "<group>"; };
		96985A062646001E00268A68 /* PreviewExtension.appex */ = {isa = PBXFileReference; explicitFileType = "wrapper.app-extension"; includeInIndex = 0; path = PreviewExtension.appex; sourceTree = BUILT_PRODUCTS_DIR; };
		96985A082646001E00268A68 /* Quartz.framework */ = {isa = PBXFileReference; lastKnownFileType = wrapper.framework; name = Quartz.framework; path = System/Library/Frameworks/Quartz.framework; sourceTree = SDKROOT; };
		96985A0B2646001E00268A68 /* PreviewViewController.swift */ = {isa = PBXFileReference; lastKnownFileType = sourcecode.swift; path = PreviewViewController.swift; sourceTree = "<group>"; };
		96985A102646001E00268A68 /* Info.plist */ = {isa = PBXFileReference; lastKnownFileType = text.plist.xml; path = Info.plist; sourceTree = "<group>"; };
		96985A112646001E00268A68 /* PreviewExtension.entitlements */ = {isa = PBXFileReference; lastKnownFileType = text.plist.entitlements; path = PreviewExtension.entitlements; sourceTree = "<group>"; };
		969C925326675838005C45DD /* preview.html */ = {isa = PBXFileReference; lastKnownFileType = text.html; path = preview.html; sourceTree = "<group>"; };
		96C352AC266B08190034F01A /* Configuration.swift */ = {isa = PBXFileReference; lastKnownFileType = sourcecode.swift; path = Configuration.swift; sourceTree = "<group>"; };
/* End PBXFileReference section */

/* Begin PBXFrameworksBuildPhase section */
		961BED96266750C400AC7012 /* Frameworks */ = {
			isa = PBXFrameworksBuildPhase;
			buildActionMask = 2147483647;
			files = (
			);
			runOnlyForDeploymentPostprocessing = 0;
		};
		96985A032646001E00268A68 /* Frameworks */ = {
			isa = PBXFrameworksBuildPhase;
			buildActionMask = 2147483647;
			files = (
				96C352B2266B58E60034F01A /* Logging in Frameworks */,
				96985A092646001E00268A68 /* Quartz.framework in Frameworks */,
			);
			runOnlyForDeploymentPostprocessing = 0;
		};
/* End PBXFrameworksBuildPhase section */

/* Begin PBXGroup section */
		961BED9A266750C400AC7012 /* TestApp */ = {
			isa = PBXGroup;
			children = (
				961BED9B266750C400AC7012 /* TestApp.swift */,
				961BED9D266750C400AC7012 /* ContentView.swift */,
				961BEDA4266750C500AC7012 /* Info.plist */,
				961BEDA5266750C500AC7012 /* TestApp.entitlements */,
			);
			path = TestApp;
			sourceTree = "<group>";
		};
		969859E82645FFF700268A68 = {
			isa = PBXGroup;
			children = (
				961BED9A266750C400AC7012 /* TestApp */,
				96985A0A2646001E00268A68 /* PreviewExtension */,
				96985A072646001E00268A68 /* Frameworks */,
				969859F22645FFF700268A68 /* Products */,
			);
			indentWidth = 2;
			sourceTree = "<group>";
			tabWidth = 2;
		};
		969859F22645FFF700268A68 /* Products */ = {
			isa = PBXGroup;
			children = (
				96985A062646001E00268A68 /* PreviewExtension.appex */,
				961BED99266750C400AC7012 /* TestApp.app */,
			);
			name = Products;
			sourceTree = "<group>";
		};
		96985A072646001E00268A68 /* Frameworks */ = {
			isa = PBXGroup;
			children = (
				96985A082646001E00268A68 /* Quartz.framework */,
			);
			name = Frameworks;
			sourceTree = "<group>";
		};
		96985A0A2646001E00268A68 /* PreviewExtension */ = {
			isa = PBXGroup;
			children = (
				96C352AC266B08190034F01A /* Configuration.swift */,
				9661B3442664AA7800200446 /* ScriptMessage.swift */,
				96985A0B2646001E00268A68 /* PreviewViewController.swift */,
				96985A102646001E00268A68 /* Info.plist */,
				969C925326675838005C45DD /* preview.html */,
				96985A112646001E00268A68 /* PreviewExtension.entitlements */,
			);
			path = PreviewExtension;
			sourceTree = "<group>";
		};
/* End PBXGroup section */

/* Begin PBXNativeTarget section */
		961BED98266750C400AC7012 /* TestApp */ = {
			isa = PBXNativeTarget;
			buildConfigurationList = 961BEDA6266750C500AC7012 /* Build configuration list for PBXNativeTarget "TestApp" */;
			buildPhases = (
				961BED95266750C400AC7012 /* Sources */,
				961BED96266750C400AC7012 /* Frameworks */,
				961BED97266750C400AC7012 /* Resources */,
				969C9252266754A0005C45DD /* Embed App Extensions */,
			);
			buildRules = (
			);
			dependencies = (
				969C9251266754A0005C45DD /* PBXTargetDependency */,
			);
			name = TestApp;
			productName = TestApp;
			productReference = 961BED99266750C400AC7012 /* TestApp.app */;
			productType = "com.apple.product-type.application";
		};
		96985A052646001E00268A68 /* PreviewExtension */ = {
			isa = PBXNativeTarget;
			buildConfigurationList = 96985A152646001E00268A68 /* Build configuration list for PBXNativeTarget "PreviewExtension" */;
			buildPhases = (
				96985A022646001E00268A68 /* Sources */,
				96985A032646001E00268A68 /* Frameworks */,
				96985A042646001E00268A68 /* Resources */,
			);
			buildRules = (
			);
			dependencies = (
				96C352B4266B5E450034F01A /* PBXTargetDependency */,
			);
			name = PreviewExtension;
			packageProductDependencies = (
				96C352B1266B58E60034F01A /* Logging */,
			);
			productName = PreviewExtension;
			productReference = 96985A062646001E00268A68 /* PreviewExtension.appex */;
			productType = "com.apple.product-type.app-extension";
		};
/* End PBXNativeTarget section */

/* Begin PBXProject section */
		969859E92645FFF700268A68 /* Project object */ = {
			isa = PBXProject;
			attributes = {
				LastSwiftUpdateCheck = 1250;
				LastUpgradeCheck = 1250;
				TargetAttributes = {
					961BED98266750C400AC7012 = {
						CreatedOnToolsVersion = 12.5;
					};
					96985A052646001E00268A68 = {
						CreatedOnToolsVersion = 12.5;
					};
				};
			};
			buildConfigurationList = 969859EC2645FFF700268A68 /* Build configuration list for PBXProject "quicklookjs" */;
			compatibilityVersion = "Xcode 9.3";
			developmentRegion = en;
			hasScannedForEncodings = 0;
			knownRegions = (
				en,
				Base,
			);
			mainGroup = 969859E82645FFF700268A68;
			packageReferences = (
				96C352B0266B58E60034F01A /* XCRemoteSwiftPackageReference "swift-log" */,
			);
			productRefGroup = 969859F22645FFF700268A68 /* Products */;
			projectDirPath = "";
			projectRoot = "";
			targets = (
				96985A052646001E00268A68 /* PreviewExtension */,
				961BED98266750C400AC7012 /* TestApp */,
			);
		};
/* End PBXProject section */

/* Begin PBXResourcesBuildPhase section */
		961BED97266750C400AC7012 /* Resources */ = {
			isa = PBXResourcesBuildPhase;
			buildActionMask = 2147483647;
			files = (
			);
			runOnlyForDeploymentPostprocessing = 0;
		};
		96985A042646001E00268A68 /* Resources */ = {
			isa = PBXResourcesBuildPhase;
			buildActionMask = 2147483647;
			files = (
				96C352AB266B05F60034F01A /* preview.html in Resources */,
			);
			runOnlyForDeploymentPostprocessing = 0;
		};
/* End PBXResourcesBuildPhase section */

/* Begin PBXSourcesBuildPhase section */
		961BED95266750C400AC7012 /* Sources */ = {
			isa = PBXSourcesBuildPhase;
			buildActionMask = 2147483647;
			files = (
				961BED9E266750C400AC7012 /* ContentView.swift in Sources */,
				961BED9C266750C400AC7012 /* TestApp.swift in Sources */,
			);
			runOnlyForDeploymentPostprocessing = 0;
		};
		96985A022646001E00268A68 /* Sources */ = {
			isa = PBXSourcesBuildPhase;
			buildActionMask = 2147483647;
			files = (
				96C352AD266B08190034F01A /* Configuration.swift in Sources */,
				9661B3452664AA7800200446 /* ScriptMessage.swift in Sources */,
				96985A0C2646001E00268A68 /* PreviewViewController.swift in Sources */,
			);
			runOnlyForDeploymentPostprocessing = 0;
		};
/* End PBXSourcesBuildPhase section */

/* Begin PBXTargetDependency section */
		969C9251266754A0005C45DD /* PBXTargetDependency */ = {
			isa = PBXTargetDependency;
			target = 96985A052646001E00268A68 /* PreviewExtension */;
			targetProxy = 969C9250266754A0005C45DD /* PBXContainerItemProxy */;
		};
		96C352B4266B5E450034F01A /* PBXTargetDependency */ = {
			isa = PBXTargetDependency;
			productRef = 96C352B3266B5E450034F01A /* Logging */;
		};
/* End PBXTargetDependency section */

/* Begin XCBuildConfiguration section */
		961BEDA7266750C500AC7012 /* Debug */ = {
			isa = XCBuildConfiguration;
			buildSettings = {
				ASSETCATALOG_COMPILER_GLOBAL_ACCENT_COLOR_NAME = AccentColor;
				CODE_SIGN_ENTITLEMENTS = TestApp/TestApp.entitlements;
				CODE_SIGN_STYLE = Automatic;
				COMBINE_HIDPI_IMAGES = YES;
				DEVELOPMENT_ASSET_PATHS = "";
				ENABLE_PREVIEWS = YES;
				INFOPLIST_FILE = TestApp/Info.plist;
				LD_RUNPATH_SEARCH_PATHS = (
					"$(inherited)",
					"@executable_path/../Frameworks",
				);
				MACOSX_DEPLOYMENT_TARGET = 11.0;
				PRODUCT_BUNDLE_IDENTIFIER = "net.bandes-storch.TestApp";
				PRODUCT_NAME = "$(TARGET_NAME)";
				SWIFT_VERSION = 5.0;
			};
			name = Debug;
		};
		961BEDA8266750C500AC7012 /* Release */ = {
			isa = XCBuildConfiguration;
			buildSettings = {
				ASSETCATALOG_COMPILER_GLOBAL_ACCENT_COLOR_NAME = AccentColor;
				CODE_SIGN_ENTITLEMENTS = TestApp/TestApp.entitlements;
				CODE_SIGN_STYLE = Automatic;
				COMBINE_HIDPI_IMAGES = YES;
				DEVELOPMENT_ASSET_PATHS = "";
				ENABLE_PREVIEWS = YES;
				INFOPLIST_FILE = TestApp/Info.plist;
				LD_RUNPATH_SEARCH_PATHS = (
					"$(inherited)",
					"@executable_path/../Frameworks",
				);
				MACOSX_DEPLOYMENT_TARGET = 11.0;
				PRODUCT_BUNDLE_IDENTIFIER = "net.bandes-storch.TestApp";
				PRODUCT_NAME = "$(TARGET_NAME)";
				SWIFT_VERSION = 5.0;
			};
			name = Release;
		};
		969859FD2645FFF900268A68 /* Debug */ = {
			isa = XCBuildConfiguration;
			buildSettings = {
				ALWAYS_SEARCH_USER_PATHS = NO;
				CLANG_ANALYZER_NONNULL = YES;
				CLANG_ANALYZER_NUMBER_OBJECT_CONVERSION = YES_AGGRESSIVE;
				CLANG_CXX_LANGUAGE_STANDARD = "gnu++14";
				CLANG_CXX_LIBRARY = "libc++";
				CLANG_ENABLE_MODULES = YES;
				CLANG_ENABLE_OBJC_ARC = YES;
				CLANG_ENABLE_OBJC_WEAK = YES;
				CLANG_WARN_BLOCK_CAPTURE_AUTORELEASING = YES;
				CLANG_WARN_BOOL_CONVERSION = YES;
				CLANG_WARN_COMMA = YES;
				CLANG_WARN_CONSTANT_CONVERSION = YES;
				CLANG_WARN_DEPRECATED_OBJC_IMPLEMENTATIONS = YES;
				CLANG_WARN_DIRECT_OBJC_ISA_USAGE = YES_ERROR;
				CLANG_WARN_DOCUMENTATION_COMMENTS = YES;
				CLANG_WARN_EMPTY_BODY = YES;
				CLANG_WARN_ENUM_CONVERSION = YES;
				CLANG_WARN_INFINITE_RECURSION = YES;
				CLANG_WARN_INT_CONVERSION = YES;
				CLANG_WARN_NON_LITERAL_NULL_CONVERSION = YES;
				CLANG_WARN_OBJC_IMPLICIT_RETAIN_SELF = YES;
				CLANG_WARN_OBJC_LITERAL_CONVERSION = YES;
				CLANG_WARN_OBJC_ROOT_CLASS = YES_ERROR;
				CLANG_WARN_QUOTED_INCLUDE_IN_FRAMEWORK_HEADER = YES;
				CLANG_WARN_RANGE_LOOP_ANALYSIS = YES;
				CLANG_WARN_STRICT_PROTOTYPES = YES;
				CLANG_WARN_SUSPICIOUS_MOVE = YES;
				CLANG_WARN_UNGUARDED_AVAILABILITY = YES_AGGRESSIVE;
				CLANG_WARN_UNREACHABLE_CODE = YES;
				CLANG_WARN__DUPLICATE_METHOD_MATCH = YES;
				COPY_PHASE_STRIP = NO;
				DEBUG_INFORMATION_FORMAT = dwarf;
				ENABLE_STRICT_OBJC_MSGSEND = YES;
				ENABLE_TESTABILITY = YES;
				GCC_C_LANGUAGE_STANDARD = gnu11;
				GCC_DYNAMIC_NO_PIC = NO;
				GCC_NO_COMMON_BLOCKS = YES;
				GCC_OPTIMIZATION_LEVEL = 0;
				GCC_PREPROCESSOR_DEFINITIONS = (
					"DEBUG=1",
					"$(inherited)",
				);
				GCC_WARN_64_TO_32_BIT_CONVERSION = YES;
				GCC_WARN_ABOUT_RETURN_TYPE = YES_ERROR;
				GCC_WARN_UNDECLARED_SELECTOR = YES;
				GCC_WARN_UNINITIALIZED_AUTOS = YES_AGGRESSIVE;
				GCC_WARN_UNUSED_FUNCTION = YES;
				GCC_WARN_UNUSED_VARIABLE = YES;
				MACOSX_DEPLOYMENT_TARGET = 11.0;
				MTL_ENABLE_DEBUG_INFO = INCLUDE_SOURCE;
				MTL_FAST_MATH = YES;
				ONLY_ACTIVE_ARCH = YES;
				OTHER_SWIFT_FLAGS = "-enable-experimental-concise-pound-file";
				SDKROOT = macosx;
				SWIFT_ACTIVE_COMPILATION_CONDITIONS = DEBUG;
				SWIFT_OPTIMIZATION_LEVEL = "-Onone";
			};
			name = Debug;
		};
		969859FE2645FFF900268A68 /* Release */ = {
			isa = XCBuildConfiguration;
			buildSettings = {
				ALWAYS_SEARCH_USER_PATHS = NO;
				CLANG_ANALYZER_NONNULL = YES;
				CLANG_ANALYZER_NUMBER_OBJECT_CONVERSION = YES_AGGRESSIVE;
				CLANG_CXX_LANGUAGE_STANDARD = "gnu++14";
				CLANG_CXX_LIBRARY = "libc++";
				CLANG_ENABLE_MODULES = YES;
				CLANG_ENABLE_OBJC_ARC = YES;
				CLANG_ENABLE_OBJC_WEAK = YES;
				CLANG_WARN_BLOCK_CAPTURE_AUTORELEASING = YES;
				CLANG_WARN_BOOL_CONVERSION = YES;
				CLANG_WARN_COMMA = YES;
				CLANG_WARN_CONSTANT_CONVERSION = YES;
				CLANG_WARN_DEPRECATED_OBJC_IMPLEMENTATIONS = YES;
				CLANG_WARN_DIRECT_OBJC_ISA_USAGE = YES_ERROR;
				CLANG_WARN_DOCUMENTATION_COMMENTS = YES;
				CLANG_WARN_EMPTY_BODY = YES;
				CLANG_WARN_ENUM_CONVERSION = YES;
				CLANG_WARN_INFINITE_RECURSION = YES;
				CLANG_WARN_INT_CONVERSION = YES;
				CLANG_WARN_NON_LITERAL_NULL_CONVERSION = YES;
				CLANG_WARN_OBJC_IMPLICIT_RETAIN_SELF = YES;
				CLANG_WARN_OBJC_LITERAL_CONVERSION = YES;
				CLANG_WARN_OBJC_ROOT_CLASS = YES_ERROR;
				CLANG_WARN_QUOTED_INCLUDE_IN_FRAMEWORK_HEADER = YES;
				CLANG_WARN_RANGE_LOOP_ANALYSIS = YES;
				CLANG_WARN_STRICT_PROTOTYPES = YES;
				CLANG_WARN_SUSPICIOUS_MOVE = YES;
				CLANG_WARN_UNGUARDED_AVAILABILITY = YES_AGGRESSIVE;
				CLANG_WARN_UNREACHABLE_CODE = YES;
				CLANG_WARN__DUPLICATE_METHOD_MATCH = YES;
				COPY_PHASE_STRIP = NO;
				DEBUG_INFORMATION_FORMAT = "dwarf-with-dsym";
				ENABLE_NS_ASSERTIONS = NO;
				ENABLE_STRICT_OBJC_MSGSEND = YES;
				GCC_C_LANGUAGE_STANDARD = gnu11;
				GCC_NO_COMMON_BLOCKS = YES;
				GCC_WARN_64_TO_32_BIT_CONVERSION = YES;
				GCC_WARN_ABOUT_RETURN_TYPE = YES_ERROR;
				GCC_WARN_UNDECLARED_SELECTOR = YES;
				GCC_WARN_UNINITIALIZED_AUTOS = YES_AGGRESSIVE;
				GCC_WARN_UNUSED_FUNCTION = YES;
				GCC_WARN_UNUSED_VARIABLE = YES;
				MACOSX_DEPLOYMENT_TARGET = 11.0;
				MTL_ENABLE_DEBUG_INFO = NO;
				MTL_FAST_MATH = YES;
				OTHER_SWIFT_FLAGS = "-enable-experimental-concise-pound-file";
				SDKROOT = macosx;
				SWIFT_COMPILATION_MODE = wholemodule;
				SWIFT_OPTIMIZATION_LEVEL = "-O";
			};
			name = Release;
		};
		96985A162646001E00268A68 /* Debug */ = {
			isa = XCBuildConfiguration;
			buildSettings = {
				CODE_SIGN_ENTITLEMENTS = PreviewExtension/PreviewExtension.entitlements;
				CODE_SIGN_STYLE = Automatic;
				INFOPLIST_FILE = PreviewExtension/Info.plist;
				LD_RUNPATH_SEARCH_PATHS = (
					"$(inherited)",
					"@executable_path/../Frameworks",
					"@executable_path/../../../../Frameworks",
				);
				PRODUCT_BUNDLE_IDENTIFIER = "net.bandes-storch.TestApp.PreviewExtension";
				PRODUCT_NAME = "$(TARGET_NAME)";
				SKIP_INSTALL = YES;
				SWIFT_VERSION = 5.0;
			};
			name = Debug;
		};
		96985A172646001E00268A68 /* Release */ = {
			isa = XCBuildConfiguration;
			buildSettings = {
				CODE_SIGN_ENTITLEMENTS = PreviewExtension/PreviewExtension.entitlements;
				CODE_SIGN_STYLE = Automatic;
				INFOPLIST_FILE = PreviewExtension/Info.plist;
				LD_RUNPATH_SEARCH_PATHS = (
					"$(inherited)",
					"@executable_path/../Frameworks",
					"@executable_path/../../../../Frameworks",
				);
				PRODUCT_BUNDLE_IDENTIFIER = "net.bandes-storch.TestApp.PreviewExtension";
				PRODUCT_NAME = "$(TARGET_NAME)";
				SKIP_INSTALL = YES;
				SWIFT_VERSION = 5.0;
			};
			name = Release;
		};
/* End XCBuildConfiguration section */

/* Begin XCConfigurationList section */
		961BEDA6266750C500AC7012 /* Build configuration list for PBXNativeTarget "TestApp" */ = {
			isa = XCConfigurationList;
			buildConfigurations = (
				961BEDA7266750C500AC7012 /* Debug */,
				961BEDA8266750C500AC7012 /* Release */,
			);
			defaultConfigurationIsVisible = 0;
			defaultConfigurationName = Release;
		};
		969859EC2645FFF700268A68 /* Build configuration list for PBXProject "quicklookjs" */ = {
			isa = XCConfigurationList;
			buildConfigurations = (
				969859FD2645FFF900268A68 /* Debug */,
				969859FE2645FFF900268A68 /* Release */,
			);
			defaultConfigurationIsVisible = 0;
			defaultConfigurationName = Release;
		};
		96985A152646001E00268A68 /* Build configuration list for PBXNativeTarget "PreviewExtension" */ = {
			isa = XCConfigurationList;
			buildConfigurations = (
				96985A162646001E00268A68 /* Debug */,
				96985A172646001E00268A68 /* Release */,
			);
			defaultConfigurationIsVisible = 0;
			defaultConfigurationName = Release;
		};
/* End XCConfigurationList section */

/* Begin XCRemoteSwiftPackageReference section */
		96C352B0266B58E60034F01A /* XCRemoteSwiftPackageReference "swift-log" */ = {
			isa = XCRemoteSwiftPackageReference;
			repositoryURL = "https://github.com/apple/swift-log";
			requirement = {
				kind = upToNextMajorVersion;
				minimumVersion = 1.4.2;
			};
		};
/* End XCRemoteSwiftPackageReference section */

/* Begin XCSwiftPackageProductDependency section */
		96C352B1266B58E60034F01A /* Logging */ = {
			isa = XCSwiftPackageProductDependency;
			package = 96C352B0266B58E60034F01A /* XCRemoteSwiftPackageReference "swift-log" */;
			productName = Logging;
		};
		96C352B3266B5E450034F01A /* Logging */ = {
			isa = XCSwiftPackageProductDependency;
			package = 96C352B0266B58E60034F01A /* XCRemoteSwiftPackageReference "swift-log" */;
			productName = Logging;
		};
/* End XCSwiftPackageProductDependency section */
	};
	rootObject = 969859E92645FFF700268A68 /* Project object */;
}
